// !$*UTF8*$!
{
	archiveVersion = 1;
	classes = {
	};
	objectVersion = 46;
	objects = {

/* Begin PBXBuildFile section */
		276BED741C5FEBE300377062 /* main.cpp in Sources */ = {isa = PBXBuildFile; fileRef = 276BED731C5FEBE300377062 /* main.cpp */; };
		276BED7B1C5FEC0E00377062 /* Python.framework in Frameworks */ = {isa = PBXBuildFile; fileRef = 276BED7A1C5FEC0E00377062 /* Python.framework */; };
		276BED821C5FEC6E00377062 /* libfftw3_threads.3.dylib in Frameworks */ = {isa = PBXBuildFile; fileRef = 276BED7C1C5FEC6E00377062 /* libfftw3_threads.3.dylib */; };
		276BED831C5FEC6E00377062 /* libfftw3.3.dylib in Frameworks */ = {isa = PBXBuildFile; fileRef = 276BED7D1C5FEC6E00377062 /* libfftw3.3.dylib */; };
		276BED841C5FEC6E00377062 /* libfftw3f_threads.3.dylib in Frameworks */ = {isa = PBXBuildFile; fileRef = 276BED7E1C5FEC6E00377062 /* libfftw3f_threads.3.dylib */; };
		276BED851C5FEC6E00377062 /* libfftw3f.3.dylib in Frameworks */ = {isa = PBXBuildFile; fileRef = 276BED7F1C5FEC6E00377062 /* libfftw3f.3.dylib */; };
		276BED861C5FEC6E00377062 /* libfftw3l_threads.3.dylib in Frameworks */ = {isa = PBXBuildFile; fileRef = 276BED801C5FEC6E00377062 /* libfftw3l_threads.3.dylib */; };
		276BED871C5FEC6E00377062 /* libfftw3l.3.dylib in Frameworks */ = {isa = PBXBuildFile; fileRef = 276BED811C5FEC6E00377062 /* libfftw3l.3.dylib */; };
		276BED891C5FEC8100377062 /* libsndfile.1.dylib in Frameworks */ = {isa = PBXBuildFile; fileRef = 276BED881C5FEC8100377062 /* libsndfile.1.dylib */; };
		276BED8E1C5FECF400377062 /* Spectrogram.cpp in Sources */ = {isa = PBXBuildFile; fileRef = 276BED8B1C5FECF400377062 /* Spectrogram.cpp */; };
		276BED921C5FFE0B00377062 /* README.md in Sources */ = {isa = PBXBuildFile; fileRef = 276BED911C5FFE0B00377062 /* README.md */; };
/* End PBXBuildFile section */

/* Begin PBXCopyFilesBuildPhase section */
		276BED6E1C5FEBE300377062 /* CopyFiles */ = {
			isa = PBXCopyFilesBuildPhase;
			buildActionMask = 2147483647;
			dstPath = /usr/share/man/man1/;
			dstSubfolderSpec = 0;
			files = (
			);
			runOnlyForDeploymentPostprocessing = 1;
		};
/* End PBXCopyFilesBuildPhase section */

/* Begin PBXFileReference section */
		276BED701C5FEBE300377062 /* Spectrogram-CPlusPlus-Python */ = {isa = PBXFileReference; explicitFileType = "compiled.mach-o.executable"; includeInIndex = 0; path = "Spectrogram-CPlusPlus-Python"; sourceTree = BUILT_PRODUCTS_DIR; };
		276BED731C5FEBE300377062 /* main.cpp */ = {isa = PBXFileReference; lastKnownFileType = sourcecode.cpp.cpp; path = main.cpp; sourceTree = "<group>"; };
		276BED7A1C5FEC0E00377062 /* Python.framework */ = {isa = PBXFileReference; lastKnownFileType = wrapper.framework; name = Python.framework; path = System/Library/Frameworks/Python.framework; sourceTree = SDKROOT; };
		276BED7C1C5FEC6E00377062 /* libfftw3_threads.3.dylib */ = {isa = PBXFileReference; lastKnownFileType = "compiled.mach-o.dylib"; name = libfftw3_threads.3.dylib; path = ../../../../../usr/local/Cellar/fftw/3.3.4_1/lib/libfftw3_threads.3.dylib; sourceTree = "<group>"; };
		276BED7D1C5FEC6E00377062 /* libfftw3.3.dylib */ = {isa = PBXFileReference; lastKnownFileType = "compiled.mach-o.dylib"; name = libfftw3.3.dylib; path = ../../../../../usr/local/Cellar/fftw/3.3.4_1/lib/libfftw3.3.dylib; sourceTree = "<group>"; };
		276BED7E1C5FEC6E00377062 /* libfftw3f_threads.3.dylib */ = {isa = PBXFileReference; lastKnownFileType = "compiled.mach-o.dylib"; name = libfftw3f_threads.3.dylib; path = ../../../../../usr/local/Cellar/fftw/3.3.4_1/lib/libfftw3f_threads.3.dylib; sourceTree = "<group>"; };
		276BED7F1C5FEC6E00377062 /* libfftw3f.3.dylib */ = {isa = PBXFileReference; lastKnownFileType = "compiled.mach-o.dylib"; name = libfftw3f.3.dylib; path = ../../../../../usr/local/Cellar/fftw/3.3.4_1/lib/libfftw3f.3.dylib; sourceTree = "<group>"; };
		276BED801C5FEC6E00377062 /* libfftw3l_threads.3.dylib */ = {isa = PBXFileReference; lastKnownFileType = "compiled.mach-o.dylib"; name = libfftw3l_threads.3.dylib; path = ../../../../../usr/local/Cellar/fftw/3.3.4_1/lib/libfftw3l_threads.3.dylib; sourceTree = "<group>"; };
		276BED811C5FEC6E00377062 /* libfftw3l.3.dylib */ = {isa = PBXFileReference; lastKnownFileType = "compiled.mach-o.dylib"; name = libfftw3l.3.dylib; path = ../../../../../usr/local/Cellar/fftw/3.3.4_1/lib/libfftw3l.3.dylib; sourceTree = "<group>"; };
		276BED881C5FEC8100377062 /* libsndfile.1.dylib */ = {isa = PBXFileReference; lastKnownFileType = "compiled.mach-o.dylib"; name = libsndfile.1.dylib; path = ../../../../../usr/local/Cellar/libsndfile/1.0.26/lib/libsndfile.1.dylib; sourceTree = "<group>"; };
		276BED8A1C5FECF400377062 /* Spectrogram.h */ = {isa = PBXFileReference; fileEncoding = 4; lastKnownFileType = sourcecode.c.h; path = Spectrogram.h; sourceTree = "<group>"; };
		276BED8B1C5FECF400377062 /* Spectrogram.cpp */ = {isa = PBXFileReference; fileEncoding = 4; lastKnownFileType = sourcecode.cpp.cpp; path = Spectrogram.cpp; sourceTree = "<group>"; };
		276BED8C1C5FECF400377062 /* plotPy.py */ = {isa = PBXFileReference; fileEncoding = 4; lastKnownFileType = text.script.python; path = plotPy.py; sourceTree = "<group>"; };
		276BED8D1C5FECF400377062 /* dtmf.wav */ = {isa = PBXFileReference; lastKnownFileType = audio.wav; path = dtmf.wav; sourceTree = "<group>"; };
		276BED911C5FFE0B00377062 /* README.md */ = {isa = PBXFileReference; fileEncoding = 4; lastKnownFileType = net.daringfireball.markdown; path = README.md; sourceTree = SOURCE_ROOT; };
/* End PBXFileReference section */

/* Begin PBXFrameworksBuildPhase section */
		276BED6D1C5FEBE300377062 /* Frameworks */ = {
			isa = PBXFrameworksBuildPhase;
			buildActionMask = 2147483647;
			files = (
				276BED891C5FEC8100377062 /* libsndfile.1.dylib in Frameworks */,
				276BED821C5FEC6E00377062 /* libfftw3_threads.3.dylib in Frameworks */,
				276BED831C5FEC6E00377062 /* libfftw3.3.dylib in Frameworks */,
				276BED841C5FEC6E00377062 /* libfftw3f_threads.3.dylib in Frameworks */,
				276BED851C5FEC6E00377062 /* libfftw3f.3.dylib in Frameworks */,
				276BED861C5FEC6E00377062 /* libfftw3l_threads.3.dylib in Frameworks */,
				276BED871C5FEC6E00377062 /* libfftw3l.3.dylib in Frameworks */,
				276BED7B1C5FEC0E00377062 /* Python.framework in Frameworks */,
			);
			runOnlyForDeploymentPostprocessing = 0;
		};
/* End PBXFrameworksBuildPhase section */

/* Begin PBXGroup section */
		276BED671C5FEBE300377062 = {
			isa = PBXGroup;
			children = (
				276BED881C5FEC8100377062 /* libsndfile.1.dylib */,
				276BED7C1C5FEC6E00377062 /* libfftw3_threads.3.dylib */,
				276BED7D1C5FEC6E00377062 /* libfftw3.3.dylib */,
				276BED7E1C5FEC6E00377062 /* libfftw3f_threads.3.dylib */,
				276BED7F1C5FEC6E00377062 /* libfftw3f.3.dylib */,
				276BED801C5FEC6E00377062 /* libfftw3l_threads.3.dylib */,
				276BED811C5FEC6E00377062 /* libfftw3l.3.dylib */,
				276BED7A1C5FEC0E00377062 /* Python.framework */,
				276BED721C5FEBE300377062 /* Spectrogram-CPlusPlus-Python */,
				276BED711C5FEBE300377062 /* Products */,
			);
			sourceTree = "<group>";
		};
		276BED711C5FEBE300377062 /* Products */ = {
			isa = PBXGroup;
			children = (
				276BED701C5FEBE300377062 /* Spectrogram-CPlusPlus-Python */,
			);
			name = Products;
			sourceTree = "<group>";
		};
		276BED721C5FEBE300377062 /* Spectrogram-CPlusPlus-Python */ = {
			isa = PBXGroup;
			children = (
				276BED911C5FFE0B00377062 /* README.md */,
				276BED8A1C5FECF400377062 /* Spectrogram.h */,
				276BED8B1C5FECF400377062 /* Spectrogram.cpp */,
				276BED8C1C5FECF400377062 /* plotPy.py */,
				276BED8D1C5FECF400377062 /* dtmf.wav */,
				276BED731C5FEBE300377062 /* main.cpp */,
			);
			path = "Spectrogram-CPlusPlus-Python";
			sourceTree = "<group>";
		};
/* End PBXGroup section */

/* Begin PBXNativeTarget section */
		276BED6F1C5FEBE300377062 /* Spectrogram-CPlusPlus-Python */ = {
			isa = PBXNativeTarget;
			buildConfigurationList = 276BED771C5FEBE300377062 /* Build configuration list for PBXNativeTarget "Spectrogram-CPlusPlus-Python" */;
			buildPhases = (
				276BED6C1C5FEBE300377062 /* Sources */,
				276BED6D1C5FEBE300377062 /* Frameworks */,
				276BED6E1C5FEBE300377062 /* CopyFiles */,
			);
			buildRules = (
			);
			dependencies = (
			);
			name = "Spectrogram-CPlusPlus-Python";
			productName = "Spectrogram-CPlusPlus-Python";
			productReference = 276BED701C5FEBE300377062 /* Spectrogram-CPlusPlus-Python */;
			productType = "com.apple.product-type.tool";
		};
/* End PBXNativeTarget section */

/* Begin PBXProject section */
		276BED681C5FEBE300377062 /* Project object */ = {
			isa = PBXProject;
			attributes = {
				LastUpgradeCheck = 0720;
				ORGANIZATIONNAME = "Vishnu Vardhan Dhanabalan";
				TargetAttributes = {
					276BED6F1C5FEBE300377062 = {
						CreatedOnToolsVersion = 7.2;
					};
				};
			};
			buildConfigurationList = 276BED6B1C5FEBE300377062 /* Build configuration list for PBXProject "Spectrogram-CPlusPlus-Python" */;
			compatibilityVersion = "Xcode 3.2";
			developmentRegion = English;
			hasScannedForEncodings = 0;
			knownRegions = (
				en,
			);
			mainGroup = 276BED671C5FEBE300377062;
			productRefGroup = 276BED711C5FEBE300377062 /* Products */;
			projectDirPath = "";
			projectRoot = "";
			targets = (
				276BED6F1C5FEBE300377062 /* Spectrogram-CPlusPlus-Python */,
			);
		};
/* End PBXProject section */

/* Begin PBXSourcesBuildPhase section */
		276BED6C1C5FEBE300377062 /* Sources */ = {
			isa = PBXSourcesBuildPhase;
			buildActionMask = 2147483647;
			files = (
				276BED921C5FFE0B00377062 /* README.md in Sources */,
				276BED741C5FEBE300377062 /* main.cpp in Sources */,
				276BED8E1C5FECF400377062 /* Spectrogram.cpp in Sources */,
			);
			runOnlyForDeploymentPostprocessing = 0;
		};
/* End PBXSourcesBuildPhase section */

/* Begin XCBuildConfiguration section */
		276BED751C5FEBE300377062 /* Debug */ = {
			isa = XCBuildConfiguration;
			buildSettings = {
				ALWAYS_SEARCH_USER_PATHS = NO;
				CLANG_CXX_LANGUAGE_STANDARD = "gnu++0x";
				CLANG_CXX_LIBRARY = "libc++";
				CLANG_ENABLE_MODULES = YES;
				CLANG_ENABLE_OBJC_ARC = YES;
				CLANG_WARN_BOOL_CONVERSION = YES;
				CLANG_WARN_CONSTANT_CONVERSION = YES;
				CLANG_WARN_DIRECT_OBJC_ISA_USAGE = YES_ERROR;
				CLANG_WARN_EMPTY_BODY = YES;
				CLANG_WARN_ENUM_CONVERSION = YES;
				CLANG_WARN_INT_CONVERSION = YES;
				CLANG_WARN_OBJC_ROOT_CLASS = YES_ERROR;
				CLANG_WARN_UNREACHABLE_CODE = YES;
				CLANG_WARN__DUPLICATE_METHOD_MATCH = YES;
				CODE_SIGN_IDENTITY = "-";
				COPY_PHASE_STRIP = NO;
				DEBUG_INFORMATION_FORMAT = dwarf;
				ENABLE_STRICT_OBJC_MSGSEND = YES;
				ENABLE_TESTABILITY = YES;
				GCC_C_LANGUAGE_STANDARD = gnu99;
				GCC_DYNAMIC_NO_PIC = NO;
				GCC_NO_COMMON_BLOCKS = YES;
				GCC_OPTIMIZATION_LEVEL = 0;
				GCC_PREPROCESSOR_DEFINITIONS = (
					"DEBUG=1",
					"$(inherited)",
				);
				GCC_WARN_64_TO_32_BIT_CONVERSION = YES;
				GCC_WARN_ABOUT_RETURN_TYPE = YES_ERROR;
				GCC_WARN_UNDECLARED_SELECTOR = YES;
				GCC_WARN_UNINITIALIZED_AUTOS = YES_AGGRESSIVE;
				GCC_WARN_UNUSED_FUNCTION = YES;
				GCC_WARN_UNUSED_VARIABLE = YES;
				MACOSX_DEPLOYMENT_TARGET = 10.11;
				MTL_ENABLE_DEBUG_INFO = YES;
				ONLY_ACTIVE_ARCH = YES;
				SDKROOT = macosx;
			};
			name = Debug;
		};
		276BED761C5FEBE300377062 /* Release */ = {
			isa = XCBuildConfiguration;
			buildSettings = {
				ALWAYS_SEARCH_USER_PATHS = NO;
				CLANG_CXX_LANGUAGE_STANDARD = "gnu++0x";
				CLANG_CXX_LIBRARY = "libc++";
				CLANG_ENABLE_MODULES = YES;
				CLANG_ENABLE_OBJC_ARC = YES;
				CLANG_WARN_BOOL_CONVERSION = YES;
				CLANG_WARN_CONSTANT_CONVERSION = YES;
				CLANG_WARN_DIRECT_OBJC_ISA_USAGE = YES_ERROR;
				CLANG_WARN_EMPTY_BODY = YES;
				CLANG_WARN_ENUM_CONVERSION = YES;
				CLANG_WARN_INT_CONVERSION = YES;
				CLANG_WARN_OBJC_ROOT_CLASS = YES_ERROR;
				CLANG_WARN_UNREACHABLE_CODE = YES;
				CLANG_WARN__DUPLICATE_METHOD_MATCH = YES;
				CODE_SIGN_IDENTITY = "-";
				COPY_PHASE_STRIP = NO;
				DEBUG_INFORMATION_FORMAT = "dwarf-with-dsym";
				ENABLE_NS_ASSERTIONS = NO;
				ENABLE_STRICT_OBJC_MSGSEND = YES;
				GCC_C_LANGUAGE_STANDARD = gnu99;
				GCC_NO_COMMON_BLOCKS = YES;
				GCC_WARN_64_TO_32_BIT_CONVERSION = YES;
				GCC_WARN_ABOUT_RETURN_TYPE = YES_ERROR;
				GCC_WARN_UNDECLARED_SELECTOR = YES;
				GCC_WARN_UNINITIALIZED_AUTOS = YES_AGGRESSIVE;
				GCC_WARN_UNUSED_FUNCTION = YES;
				GCC_WARN_UNUSED_VARIABLE = YES;
				MACOSX_DEPLOYMENT_TARGET = 10.11;
				MTL_ENABLE_DEBUG_INFO = NO;
				SDKROOT = macosx;
			};
			name = Release;
		};
		276BED781C5FEBE300377062 /* Debug */ = {
			isa = XCBuildConfiguration;
			buildSettings = {
				HEADER_SEARCH_PATHS = (
					/usr/local/Cellar/fftw/3.3.4_1/include/,
					/usr/local/Cellar/libsndfile/1.0.26/include/,
				);
				LIBRARY_SEARCH_PATHS = (
					"$(inherited)",
					/usr/local/Cellar/fftw/3.3.4_1/lib,
					/usr/local/Cellar/libsndfile/1.0.26/lib,
				);
				PRODUCT_NAME = "$(TARGET_NAME)";
			};
			name = Debug;
		};
		276BED791C5FEBE300377062 /* Release */ = {
			isa = XCBuildConfiguration;
			buildSettings = {
				HEADER_SEARCH_PATHS = (
					/usr/local/Cellar/fftw/3.3.4_1/include/,
					/usr/local/Cellar/libsndfile/1.0.26/include/,
				);
				LIBRARY_SEARCH_PATHS = (
					"$(inherited)",
					/usr/local/Cellar/fftw/3.3.4_1/lib,
					/usr/local/Cellar/libsndfile/1.0.26/lib,
				);
				PRODUCT_NAME = "$(TARGET_NAME)";
			};
			name = Release;
		};
/* End XCBuildConfiguration section */

/* Begin XCConfigurationList section */
		276BED6B1C5FEBE300377062 /* Build configuration list for PBXProject "Spectrogram-CPlusPlus-Python" */ = {
			isa = XCConfigurationList;
			buildConfigurations = (
				276BED751C5FEBE300377062 /* Debug */,
				276BED761C5FEBE300377062 /* Release */,
			);
			defaultConfigurationIsVisible = 0;
			defaultConfigurationName = Release;
		};
		276BED771C5FEBE300377062 /* Build configuration list for PBXNativeTarget "Spectrogram-CPlusPlus-Python" */ = {
			isa = XCConfigurationList;
			buildConfigurations = (
				276BED781C5FEBE300377062 /* Debug */,
				276BED791C5FEBE300377062 /* Release */,
			);
			defaultConfigurationIsVisible = 0;
		};
/* End XCConfigurationList section */
	};
	rootObject = 276BED681C5FEBE300377062 /* Project object */;
}
